
Microsoft Visual Studio Solution File, Format Version 12.00
Project("{2150E333-8FDC-42A3-9474-1A3956D46DE8}") = "Solution Items", "Solution Items", "{6C6AFA2A-AD7A-43C7-99F2-423A168871F1}"
	ProjectSection(SolutionItems) = preProject
		docker-compose.yml = docker-compose.yml
	EndProjectSection
EndProject
Project("{FAE04EC0-301F-11D3-BF4B-00C04F79EFBC}") = "FoodApi.Service", "Source\FoodApi\FoodApi.Service\FoodApi.Service.csproj", "{6A782DBD-BB65-4BD1-844E-7097A36BC503}"
EndProject
Project("{FAE04EC0-301F-11D3-BF4B-00C04F79EFBC}") = "FoodApi.Application", "Source\FoodApi\FoodApi.Application\FoodApi.Application\FoodApi.Application.csproj", "{6A89523D-8E33-443F-BCFC-7094D9A9CF5F}"
EndProject
Project("{FAE04EC0-301F-11D3-BF4B-00C04F79EFBC}") = "FoodApi.Infrastructure", "Source\FoodApi\FoodApi.Infrastructure\FoodApi.Infrastructure\FoodApi.Infrastructure.csproj", "{24B65EB7-7818-4907-9FB4-FE17654B00C2}"
EndProject
Project("{FAE04EC0-301F-11D3-BF4B-00C04F79EFBC}") = "FoodApi.Domain", "Source\FoodApi\FoodApi.Domain\FoodApi.Domain\FoodApi.Domain.csproj", "{601A668D-308B-48F5-BE35-E031EAEBE5D2}"
EndProject
Project("{FAE04EC0-301F-11D3-BF4B-00C04F79EFBC}") = "FoodApi.Tests", "Source\FoodApi\FoodApi.Tests\FoodApi.Tests\FoodApi.Tests.csproj", "{B9CF49F0-A9F7-4BF0-8CB9-B7C24206DF4F}"
EndProject
Project("{FAE04EC0-301F-11D3-BF4B-00C04F79EFBC}") = "Identity.Service", "Source\Identity\Identity.Service\Identity.Service\Identity.Service.csproj", "{9EC3860E-AD23-4E42-AA4A-657297DA39FD}"
EndProject
Project("{FAE04EC0-301F-11D3-BF4B-00C04F79EFBC}") = "Identity.Infrastructure", "Source\Identity\Identity.Infrastructure\Identity.Infrastructure\Identity.Infrastructure.csproj", "{6B6A8C42-4723-439B-A6D7-9D884560B37C}"
EndProject
Project("{FAE04EC0-301F-11D3-BF4B-00C04F79EFBC}") = "Identity.Domain", "Source\Identity\Identity.Domain\Identity.Domain\Identity.Domain.csproj", "{743A830C-8A9C-44B2-8EDA-A321021D1DC3}"
EndProject
Project("{FAE04EC0-301F-11D3-BF4B-00C04F79EFBC}") = "Identity.Application", "Source\Identity\Identity.Application\Identity.Application\Identity.Application.csproj", "{C3957851-C604-42DE-908F-964354B75BE0}"
EndProject
Project("{FAE04EC0-301F-11D3-BF4B-00C04F79EFBC}") = "Notification.Service", "Source\Notification\Notification.Service\Notification.Service\Notification.Service.csproj", "{45640A3F-DDDD-4967-B974-1F6DD7CF5B0F}"
EndProject
Project("{FAE04EC0-301F-11D3-BF4B-00C04F79EFBC}") = "Common.Nats", "Source\Common\Common.Nats\Common.Nats\Common.Nats.csproj", "{C65A206C-78D7-42E1-BA82-1230F70ECAA9}"
EndProject
Global
	GlobalSection(SolutionConfigurationPlatforms) = preSolution
		Debug|Any CPU = Debug|Any CPU
		Release|Any CPU = Release|Any CPU
	EndGlobalSection
	GlobalSection(ProjectConfigurationPlatforms) = postSolution
		{6A782DBD-BB65-4BD1-844E-7097A36BC503}.Debug|Any CPU.ActiveCfg = Debug|Any CPU
		{6A782DBD-BB65-4BD1-844E-7097A36BC503}.Debug|Any CPU.Build.0 = Debug|Any CPU
		{6A782DBD-BB65-4BD1-844E-7097A36BC503}.Release|Any CPU.ActiveCfg = Release|Any CPU
		{6A782DBD-BB65-4BD1-844E-7097A36BC503}.Release|Any CPU.Build.0 = Release|Any CPU
		{6A89523D-8E33-443F-BCFC-7094D9A9CF5F}.Debug|Any CPU.ActiveCfg = Debug|Any CPU
		{6A89523D-8E33-443F-BCFC-7094D9A9CF5F}.Debug|Any CPU.Build.0 = Debug|Any CPU
		{6A89523D-8E33-443F-BCFC-7094D9A9CF5F}.Release|Any CPU.ActiveCfg = Release|Any CPU
		{6A89523D-8E33-443F-BCFC-7094D9A9CF5F}.Release|Any CPU.Build.0 = Release|Any CPU
		{24B65EB7-7818-4907-9FB4-FE17654B00C2}.Debug|Any CPU.ActiveCfg = Debug|Any CPU
		{24B65EB7-7818-4907-9FB4-FE17654B00C2}.Debug|Any CPU.Build.0 = Debug|Any CPU
		{24B65EB7-7818-4907-9FB4-FE17654B00C2}.Release|Any CPU.ActiveCfg = Release|Any CPU
		{24B65EB7-7818-4907-9FB4-FE17654B00C2}.Release|Any CPU.Build.0 = Release|Any CPU
		{601A668D-308B-48F5-BE35-E031EAEBE5D2}.Debug|Any CPU.ActiveCfg = Debug|Any CPU
		{601A668D-308B-48F5-BE35-E031EAEBE5D2}.Debug|Any CPU.Build.0 = Debug|Any CPU
		{601A668D-308B-48F5-BE35-E031EAEBE5D2}.Release|Any CPU.ActiveCfg = Release|Any CPU
		{601A668D-308B-48F5-BE35-E031EAEBE5D2}.Release|Any CPU.Build.0 = Release|Any CPU
		{B9CF49F0-A9F7-4BF0-8CB9-B7C24206DF4F}.Debug|Any CPU.ActiveCfg = Debug|Any CPU
		{B9CF49F0-A9F7-4BF0-8CB9-B7C24206DF4F}.Debug|Any CPU.Build.0 = Debug|Any CPU
		{B9CF49F0-A9F7-4BF0-8CB9-B7C24206DF4F}.Release|Any CPU.ActiveCfg = Release|Any CPU
		{B9CF49F0-A9F7-4BF0-8CB9-B7C24206DF4F}.Release|Any CPU.Build.0 = Release|Any CPU
		{9EC3860E-AD23-4E42-AA4A-657297DA39FD}.Debug|Any CPU.ActiveCfg = Debug|Any CPU
		{9EC3860E-AD23-4E42-AA4A-657297DA39FD}.Debug|Any CPU.Build.0 = Debug|Any CPU
		{9EC3860E-AD23-4E42-AA4A-657297DA39FD}.Release|Any CPU.ActiveCfg = Release|Any CPU
		{9EC3860E-AD23-4E42-AA4A-657297DA39FD}.Release|Any CPU.Build.0 = Release|Any CPU
		{6B6A8C42-4723-439B-A6D7-9D884560B37C}.Debug|Any CPU.ActiveCfg = Debug|Any CPU
		{6B6A8C42-4723-439B-A6D7-9D884560B37C}.Debug|Any CPU.Build.0 = Debug|Any CPU
		{6B6A8C42-4723-439B-A6D7-9D884560B37C}.Release|Any CPU.ActiveCfg = Release|Any CPU
		{6B6A8C42-4723-439B-A6D7-9D884560B37C}.Release|Any CPU.Build.0 = Release|Any CPU
		{743A830C-8A9C-44B2-8EDA-A321021D1DC3}.Debug|Any CPU.ActiveCfg = Debug|Any CPU
		{743A830C-8A9C-44B2-8EDA-A321021D1DC3}.Debug|Any CPU.Build.0 = Debug|Any CPU
		{743A830C-8A9C-44B2-8EDA-A321021D1DC3}.Release|Any CPU.ActiveCfg = Release|Any CPU
		{743A830C-8A9C-44B2-8EDA-A321021D1DC3}.Release|Any CPU.Build.0 = Release|Any CPU
		{C3957851-C604-42DE-908F-964354B75BE0}.Debug|Any CPU.ActiveCfg = Debug|Any CPU
		{C3957851-C604-42DE-908F-964354B75BE0}.Debug|Any CPU.Build.0 = Debug|Any CPU
		{C3957851-C604-42DE-908F-964354B75BE0}.Release|Any CPU.ActiveCfg = Release|Any CPU
		{C3957851-C604-42DE-908F-964354B75BE0}.Release|Any CPU.Build.0 = Release|Any CPU
		{45640A3F-DDDD-4967-B974-1F6DD7CF5B0F}.Debug|Any CPU.ActiveCfg = Debug|Any CPU
		{45640A3F-DDDD-4967-B974-1F6DD7CF5B0F}.Debug|Any CPU.Build.0 = Debug|Any CPU
		{45640A3F-DDDD-4967-B974-1F6DD7CF5B0F}.Release|Any CPU.ActiveCfg = Release|Any CPU
		{45640A3F-DDDD-4967-B974-1F6DD7CF5B0F}.Release|Any CPU.Build.0 = Release|Any CPU
		{C65A206C-78D7-42E1-BA82-1230F70ECAA9}.Debug|Any CPU.ActiveCfg = Debug|Any CPU
		{C65A206C-78D7-42E1-BA82-1230F70ECAA9}.Debug|Any CPU.Build.0 = Debug|Any CPU
		{C65A206C-78D7-42E1-BA82-1230F70ECAA9}.Release|Any CPU.ActiveCfg = Release|Any CPU
		{C65A206C-78D7-42E1-BA82-1230F70ECAA9}.Release|Any CPU.Build.0 = Release|Any CPU
	EndGlobalSection
	GlobalSection(NestedProjects) = preSolution
	EndGlobalSection
EndGlobal
